{
  "version": 4,
  "terraform_version": "1.5.7",
  "serial": 20,
  "lineage": "c6ceb73c-8072-8288-6c46-366577b2a39f",
  "outputs": {
    "kvs_data_volume_ids": {
      "value": [
        "vol-0f2fead431a588879",
        "vol-0c0808798a2eb46e9",
        "vol-0e48c161a29997a5f",
        "vol-0b826dd2a5c508a41",
        "vol-093c5a5a7761b8673",
        "vol-05cc1bb3a5e5ecfa0",
        "vol-0c3e1d43fe5eba302",
        "vol-0eb73ea1ef498c8b9",
        "vol-0cf882402f0f2d025",
        "vol-0dc147bf50449b614",
        "vol-07ae35d45dcbcd1ef",
        "vol-07da8d269d88e7109",
        "vol-0b20ea3da2f1e1892",
        "vol-04442937bbe9c55cb",
        "vol-00ebc1a0e3c349ab8",
        "vol-0472508a70471565d",
        "vol-05008548d021ace3b",
        "vol-09cbf1c4359c83473",
        "vol-09ac971f00c3720b9",
        "vol-04a072465b0133a05"
      ],
      "type": [
        "tuple",
        [
          "string",
          "string",
          "string",
          "string",
          "string",
          "string",
          "string",
          "string",
          "string",
          "string",
          "string",
          "string",
          "string",
          "string",
          "string",
          "string",
          "string",
          "string",
          "string",
          "string"
        ]
      ]
    }
  },
  "resources": [
    {
      "mode": "managed",
      "type": "aws_ebs_volume",
      "name": "kvs_data",
      "provider": "provider[\"registry.terraform.io/hashicorp/aws\"]",
      "instances": [
        {
          "index_key": 0,
          "schema_version": 0,
          "attributes": {
            "arn": "arn:aws:ec2:us-east-1:934250576834:volume/vol-0f2fead431a588879",
            "availability_zone": "us-east-1a",
            "create_time": "2025-11-29T07:45:37Z",
            "encrypted": false,
            "final_snapshot": false,
            "id": "vol-0f2fead431a588879",
            "iops": 3000,
            "kms_key_id": "",
            "multi_attach_enabled": false,
            "outpost_arn": "",
            "size": 100,
            "snapshot_id": "",
            "tags": {
              "Index": "0",
              "Name": "kvs-data-0",
              "Role": "kvs-data"
            },
            "tags_all": {
              "Index": "0",
              "Name": "kvs-data-0",
              "Role": "kvs-data"
            },
            "throughput": 125,
            "timeouts": null,
            "type": "gp3"
          },
          "sensitive_attributes": [],
          "private": "eyJlMmJmYjczMC1lY2FhLTExZTYtOGY4OC0zNDM2M2JjN2M0YzAiOnsiY3JlYXRlIjozMDAwMDAwMDAwMDAsImRlbGV0ZSI6NjAwMDAwMDAwMDAwLCJ1cGRhdGUiOjMwMDAwMDAwMDAwMH19"
        },
        {
          "index_key": 1,
          "schema_version": 0,
          "attributes": {
            "arn": "arn:aws:ec2:us-east-1:934250576834:volume/vol-0c0808798a2eb46e9",
            "availability_zone": "us-east-1a",
            "create_time": "2025-11-29T07:45:37Z",
            "encrypted": false,
            "final_snapshot": false,
            "id": "vol-0c0808798a2eb46e9",
            "iops": 3000,
            "kms_key_id": "",
            "multi_attach_enabled": false,
            "outpost_arn": "",
            "size": 100,
            "snapshot_id": "",
            "tags": {
              "Index": "1",
              "Name": "kvs-data-1",
              "Role": "kvs-data"
            },
            "tags_all": {
              "Index": "1",
              "Name": "kvs-data-1",
              "Role": "kvs-data"
            },
            "throughput": 125,
            "timeouts": null,
            "type": "gp3"
          },
          "sensitive_attributes": [],
          "private": "eyJlMmJmYjczMC1lY2FhLTExZTYtOGY4OC0zNDM2M2JjN2M0YzAiOnsiY3JlYXRlIjozMDAwMDAwMDAwMDAsImRlbGV0ZSI6NjAwMDAwMDAwMDAwLCJ1cGRhdGUiOjMwMDAwMDAwMDAwMH19"
        },
        {
          "index_key": 2,
          "schema_version": 0,
          "attributes": {
            "arn": "arn:aws:ec2:us-east-1:934250576834:volume/vol-0e48c161a29997a5f",
            "availability_zone": "us-east-1a",
            "create_time": "2025-11-29T07:45:48Z",
            "encrypted": false,
            "final_snapshot": false,
            "id": "vol-0e48c161a29997a5f",
            "iops": 3000,
            "kms_key_id": "",
            "multi_attach_enabled": false,
            "outpost_arn": "",
            "size": 100,
            "snapshot_id": "",
            "tags": {
              "Index": "2",
              "Name": "kvs-data-2",
              "Role": "kvs-data"
            },
            "tags_all": {
              "Index": "2",
              "Name": "kvs-data-2",
              "Role": "kvs-data"
            },
            "throughput": 125,
            "timeouts": null,
            "type": "gp3"
          },
          "sensitive_attributes": [],
          "private": "eyJlMmJmYjczMC1lY2FhLTExZTYtOGY4OC0zNDM2M2JjN2M0YzAiOnsiY3JlYXRlIjozMDAwMDAwMDAwMDAsImRlbGV0ZSI6NjAwMDAwMDAwMDAwLCJ1cGRhdGUiOjMwMDAwMDAwMDAwMH19"
        },
        {
          "index_key": 3,
          "schema_version": 0,
          "attributes": {
            "arn": "arn:aws:ec2:us-east-1:934250576834:volume/vol-0b826dd2a5c508a41",
            "availability_zone": "us-east-1a",
            "create_time": "2025-11-29T07:45:48Z",
            "encrypted": false,
            "final_snapshot": false,
            "id": "vol-0b826dd2a5c508a41",
            "iops": 3000,
            "kms_key_id": "",
            "multi_attach_enabled": false,
            "outpost_arn": "",
            "size": 100,
            "snapshot_id": "",
            "tags": {
              "Index": "3",
              "Name": "kvs-data-3",
              "Role": "kvs-data"
            },
            "tags_all": {
              "Index": "3",
              "Name": "kvs-data-3",
              "Role": "kvs-data"
            },
            "throughput": 125,
            "timeouts": null,
            "type": "gp3"
          },
          "sensitive_attributes": [],
          "private": "eyJlMmJmYjczMC1lY2FhLTExZTYtOGY4OC0zNDM2M2JjN2M0YzAiOnsiY3JlYXRlIjozMDAwMDAwMDAwMDAsImRlbGV0ZSI6NjAwMDAwMDAwMDAwLCJ1cGRhdGUiOjMwMDAwMDAwMDAwMH19"
        },
        {
          "index_key": 4,
          "schema_version": 0,
          "attributes": {
            "arn": "arn:aws:ec2:us-east-1:934250576834:volume/vol-093c5a5a7761b8673",
            "availability_zone": "us-east-1a",
            "create_time": "2025-11-29T07:45:48Z",
            "encrypted": false,
            "final_snapshot": false,
            "id": "vol-093c5a5a7761b8673",
            "iops": 3000,
            "kms_key_id": "",
            "multi_attach_enabled": false,
            "outpost_arn": "",
            "size": 100,
            "snapshot_id": "",
            "tags": {
              "Index": "4",
              "Name": "kvs-data-4",
              "Role": "kvs-data"
            },
            "tags_all": {
              "Index": "4",
              "Name": "kvs-data-4",
              "Role": "kvs-data"
            },
            "throughput": 125,
            "timeouts": null,
            "type": "gp3"
          },
          "sensitive_attributes": [],
          "private": "eyJlMmJmYjczMC1lY2FhLTExZTYtOGY4OC0zNDM2M2JjN2M0YzAiOnsiY3JlYXRlIjozMDAwMDAwMDAwMDAsImRlbGV0ZSI6NjAwMDAwMDAwMDAwLCJ1cGRhdGUiOjMwMDAwMDAwMDAwMH19"
        },
        {
          "index_key": 5,
          "schema_version": 0,
          "attributes": {
            "arn": "arn:aws:ec2:us-east-1:934250576834:volume/vol-05cc1bb3a5e5ecfa0",
            "availability_zone": "us-east-1a",
            "create_time": "2025-11-29T07:45:37Z",
            "encrypted": false,
            "final_snapshot": false,
            "id": "vol-05cc1bb3a5e5ecfa0",
            "iops": 3000,
            "kms_key_id": "",
            "multi_attach_enabled": false,
            "outpost_arn": "",
            "size": 100,
            "snapshot_id": "",
            "tags": {
              "Index": "5",
              "Name": "kvs-data-5",
              "Role": "kvs-data"
            },
            "tags_all": {
              "Index": "5",
              "Name": "kvs-data-5",
              "Role": "kvs-data"
            },
            "throughput": 125,
            "timeouts": null,
            "type": "gp3"
          },
          "sensitive_attributes": [],
          "private": "eyJlMmJmYjczMC1lY2FhLTExZTYtOGY4OC0zNDM2M2JjN2M0YzAiOnsiY3JlYXRlIjozMDAwMDAwMDAwMDAsImRlbGV0ZSI6NjAwMDAwMDAwMDAwLCJ1cGRhdGUiOjMwMDAwMDAwMDAwMH19"
        },
        {
          "index_key": 6,
          "schema_version": 0,
          "attributes": {
            "arn": "arn:aws:ec2:us-east-1:934250576834:volume/vol-0c3e1d43fe5eba302",
            "availability_zone": "us-east-1a",
            "create_time": "2025-11-29T07:45:48Z",
            "encrypted": false,
            "final_snapshot": false,
            "id": "vol-0c3e1d43fe5eba302",
            "iops": 3000,
            "kms_key_id": "",
            "multi_attach_enabled": false,
            "outpost_arn": "",
            "size": 100,
            "snapshot_id": "",
            "tags": {
              "Index": "6",
              "Name": "kvs-data-6",
              "Role": "kvs-data"
            },
            "tags_all": {
              "Index": "6",
              "Name": "kvs-data-6",
              "Role": "kvs-data"
            },
            "throughput": 125,
            "timeouts": null,
            "type": "gp3"
          },
          "sensitive_attributes": [],
          "private": "eyJlMmJmYjczMC1lY2FhLTExZTYtOGY4OC0zNDM2M2JjN2M0YzAiOnsiY3JlYXRlIjozMDAwMDAwMDAwMDAsImRlbGV0ZSI6NjAwMDAwMDAwMDAwLCJ1cGRhdGUiOjMwMDAwMDAwMDAwMH19"
        },
        {
          "index_key": 7,
          "schema_version": 0,
          "attributes": {
            "arn": "arn:aws:ec2:us-east-1:934250576834:volume/vol-0eb73ea1ef498c8b9",
            "availability_zone": "us-east-1a",
            "create_time": "2025-11-29T07:45:37Z",
            "encrypted": false,
            "final_snapshot": false,
            "id": "vol-0eb73ea1ef498c8b9",
            "iops": 3000,
            "kms_key_id": "",
            "multi_attach_enabled": false,
            "outpost_arn": "",
            "size": 100,
            "snapshot_id": "",
            "tags": {
              "Index": "7",
              "Name": "kvs-data-7",
              "Role": "kvs-data"
            },
            "tags_all": {
              "Index": "7",
              "Name": "kvs-data-7",
              "Role": "kvs-data"
            },
            "throughput": 125,
            "timeouts": null,
            "type": "gp3"
          },
          "sensitive_attributes": [],
          "private": "eyJlMmJmYjczMC1lY2FhLTExZTYtOGY4OC0zNDM2M2JjN2M0YzAiOnsiY3JlYXRlIjozMDAwMDAwMDAwMDAsImRlbGV0ZSI6NjAwMDAwMDAwMDAwLCJ1cGRhdGUiOjMwMDAwMDAwMDAwMH19"
        },
        {
          "index_key": 8,
          "schema_version": 0,
          "attributes": {
            "arn": "arn:aws:ec2:us-east-1:934250576834:volume/vol-0cf882402f0f2d025",
            "availability_zone": "us-east-1a",
            "create_time": "2025-11-29T07:45:37Z",
            "encrypted": false,
            "final_snapshot": false,
            "id": "vol-0cf882402f0f2d025",
            "iops": 3000,
            "kms_key_id": "",
            "multi_attach_enabled": false,
            "outpost_arn": "",
            "size": 100,
            "snapshot_id": "",
            "tags": {
              "Index": "8",
              "Name": "kvs-data-8",
              "Role": "kvs-data"
            },
            "tags_all": {
              "Index": "8",
              "Name": "kvs-data-8",
              "Role": "kvs-data"
            },
            "throughput": 125,
            "timeouts": null,
            "type": "gp3"
          },
          "sensitive_attributes": [],
          "private": "eyJlMmJmYjczMC1lY2FhLTExZTYtOGY4OC0zNDM2M2JjN2M0YzAiOnsiY3JlYXRlIjozMDAwMDAwMDAwMDAsImRlbGV0ZSI6NjAwMDAwMDAwMDAwLCJ1cGRhdGUiOjMwMDAwMDAwMDAwMH19"
        },
        {
          "index_key": 9,
          "schema_version": 0,
          "attributes": {
            "arn": "arn:aws:ec2:us-east-1:934250576834:volume/vol-0dc147bf50449b614",
            "availability_zone": "us-east-1a",
            "create_time": "2025-11-29T07:45:37Z",
            "encrypted": false,
            "final_snapshot": false,
            "id": "vol-0dc147bf50449b614",
            "iops": 3000,
            "kms_key_id": "",
            "multi_attach_enabled": false,
            "outpost_arn": "",
            "size": 100,
            "snapshot_id": "",
            "tags": {
              "Index": "9",
              "Name": "kvs-data-9",
              "Role": "kvs-data"
            },
            "tags_all": {
              "Index": "9",
              "Name": "kvs-data-9",
              "Role": "kvs-data"
            },
            "throughput": 125,
            "timeouts": null,
            "type": "gp3"
          },
          "sensitive_attributes": [],
          "private": "eyJlMmJmYjczMC1lY2FhLTExZTYtOGY4OC0zNDM2M2JjN2M0YzAiOnsiY3JlYXRlIjozMDAwMDAwMDAwMDAsImRlbGV0ZSI6NjAwMDAwMDAwMDAwLCJ1cGRhdGUiOjMwMDAwMDAwMDAwMH19"
        },
        {
          "index_key": 10,
          "schema_version": 0,
          "attributes": {
            "arn": "arn:aws:ec2:us-east-1:934250576834:volume/vol-07ae35d45dcbcd1ef",
            "availability_zone": "us-east-1a",
            "create_time": "2025-11-29T07:45:48Z",
            "encrypted": false,
            "final_snapshot": false,
            "id": "vol-07ae35d45dcbcd1ef",
            "iops": 3000,
            "kms_key_id": "",
            "multi_attach_enabled": false,
            "outpost_arn": "",
            "size": 100,
            "snapshot_id": "",
            "tags": {
              "Index": "10",
              "Name": "kvs-data-10",
              "Role": "kvs-data"
            },
            "tags_all": {
              "Index": "10",
              "Name": "kvs-data-10",
              "Role": "kvs-data"
            },
            "throughput": 125,
            "timeouts": null,
            "type": "gp3"
          },
          "sensitive_attributes": [],
          "private": "eyJlMmJmYjczMC1lY2FhLTExZTYtOGY4OC0zNDM2M2JjN2M0YzAiOnsiY3JlYXRlIjozMDAwMDAwMDAwMDAsImRlbGV0ZSI6NjAwMDAwMDAwMDAwLCJ1cGRhdGUiOjMwMDAwMDAwMDAwMH19"
        },
        {
          "index_key": 11,
          "schema_version": 0,
          "attributes": {
            "arn": "arn:aws:ec2:us-east-1:934250576834:volume/vol-07da8d269d88e7109",
            "availability_zone": "us-east-1a",
            "create_time": "2025-11-29T07:45:48Z",
            "encrypted": false,
            "final_snapshot": false,
            "id": "vol-07da8d269d88e7109",
            "iops": 3000,
            "kms_key_id": "",
            "multi_attach_enabled": false,
            "outpost_arn": "",
            "size": 100,
            "snapshot_id": "",
            "tags": {
              "Index": "11",
              "Name": "kvs-data-11",
              "Role": "kvs-data"
            },
            "tags_all": {
              "Index": "11",
              "Name": "kvs-data-11",
              "Role": "kvs-data"
            },
            "throughput": 125,
            "timeouts": null,
            "type": "gp3"
          },
          "sensitive_attributes": [],
          "private": "eyJlMmJmYjczMC1lY2FhLTExZTYtOGY4OC0zNDM2M2JjN2M0YzAiOnsiY3JlYXRlIjozMDAwMDAwMDAwMDAsImRlbGV0ZSI6NjAwMDAwMDAwMDAwLCJ1cGRhdGUiOjMwMDAwMDAwMDAwMH19"
        },
        {
          "index_key": 12,
          "schema_version": 0,
          "attributes": {
            "arn": "arn:aws:ec2:us-east-1:934250576834:volume/vol-0b20ea3da2f1e1892",
            "availability_zone": "us-east-1a",
            "create_time": "2025-11-29T07:45:37Z",
            "encrypted": false,
            "final_snapshot": false,
            "id": "vol-0b20ea3da2f1e1892",
            "iops": 3000,
            "kms_key_id": "",
            "multi_attach_enabled": false,
            "outpost_arn": "",
            "size": 100,
            "snapshot_id": "",
            "tags": {
              "Index": "12",
              "Name": "kvs-data-12",
              "Role": "kvs-data"
            },
            "tags_all": {
              "Index": "12",
              "Name": "kvs-data-12",
              "Role": "kvs-data"
            },
            "throughput": 125,
            "timeouts": null,
            "type": "gp3"
          },
          "sensitive_attributes": [],
          "private": "eyJlMmJmYjczMC1lY2FhLTExZTYtOGY4OC0zNDM2M2JjN2M0YzAiOnsiY3JlYXRlIjozMDAwMDAwMDAwMDAsImRlbGV0ZSI6NjAwMDAwMDAwMDAwLCJ1cGRhdGUiOjMwMDAwMDAwMDAwMH19"
        },
        {
          "index_key": 13,
          "schema_version": 0,
          "attributes": {
            "arn": "arn:aws:ec2:us-east-1:934250576834:volume/vol-04442937bbe9c55cb",
            "availability_zone": "us-east-1a",
            "create_time": "2025-11-29T07:45:37Z",
            "encrypted": false,
            "final_snapshot": false,
            "id": "vol-04442937bbe9c55cb",
            "iops": 3000,
            "kms_key_id": "",
            "multi_attach_enabled": false,
            "outpost_arn": "",
            "size": 100,
            "snapshot_id": "",
            "tags": {
              "Index": "13",
              "Name": "kvs-data-13",
              "Role": "kvs-data"
            },
            "tags_all": {
              "Index": "13",
              "Name": "kvs-data-13",
              "Role": "kvs-data"
            },
            "throughput": 125,
            "timeouts": null,
            "type": "gp3"
          },
          "sensitive_attributes": [],
          "private": "eyJlMmJmYjczMC1lY2FhLTExZTYtOGY4OC0zNDM2M2JjN2M0YzAiOnsiY3JlYXRlIjozMDAwMDAwMDAwMDAsImRlbGV0ZSI6NjAwMDAwMDAwMDAwLCJ1cGRhdGUiOjMwMDAwMDAwMDAwMH19"
        },
        {
          "index_key": 14,
          "schema_version": 0,
          "attributes": {
            "arn": "arn:aws:ec2:us-east-1:934250576834:volume/vol-00ebc1a0e3c349ab8",
            "availability_zone": "us-east-1a",
            "create_time": "2025-11-29T07:45:37Z",
            "encrypted": false,
            "final_snapshot": false,
            "id": "vol-00ebc1a0e3c349ab8",
            "iops": 3000,
            "kms_key_id": "",
            "multi_attach_enabled": false,
            "outpost_arn": "",
            "size": 100,
            "snapshot_id": "",
            "tags": {
              "Index": "14",
              "Name": "kvs-data-14",
              "Role": "kvs-data"
            },
            "tags_all": {
              "Index": "14",
              "Name": "kvs-data-14",
              "Role": "kvs-data"
            },
            "throughput": 125,
            "timeouts": null,
            "type": "gp3"
          },
          "sensitive_attributes": [],
          "private": "eyJlMmJmYjczMC1lY2FhLTExZTYtOGY4OC0zNDM2M2JjN2M0YzAiOnsiY3JlYXRlIjozMDAwMDAwMDAwMDAsImRlbGV0ZSI6NjAwMDAwMDAwMDAwLCJ1cGRhdGUiOjMwMDAwMDAwMDAwMH19"
        },
        {
          "index_key": 15,
          "schema_version": 0,
          "attributes": {
            "arn": "arn:aws:ec2:us-east-1:934250576834:volume/vol-0472508a70471565d",
            "availability_zone": "us-east-1a",
            "create_time": "2025-11-29T07:45:48Z",
            "encrypted": false,
            "final_snapshot": false,
            "id": "vol-0472508a70471565d",
            "iops": 3000,
            "kms_key_id": "",
            "multi_attach_enabled": false,
            "outpost_arn": "",
            "size": 100,
            "snapshot_id": "",
            "tags": {
              "Index": "15",
              "Name": "kvs-data-15",
              "Role": "kvs-data"
            },
            "tags_all": {
              "Index": "15",
              "Name": "kvs-data-15",
              "Role": "kvs-data"
            },
            "throughput": 125,
            "timeouts": null,
            "type": "gp3"
          },
          "sensitive_attributes": [],
          "private": "eyJlMmJmYjczMC1lY2FhLTExZTYtOGY4OC0zNDM2M2JjN2M0YzAiOnsiY3JlYXRlIjozMDAwMDAwMDAwMDAsImRlbGV0ZSI6NjAwMDAwMDAwMDAwLCJ1cGRhdGUiOjMwMDAwMDAwMDAwMH19"
        },
        {
          "index_key": 16,
          "schema_version": 0,
          "attributes": {
            "arn": "arn:aws:ec2:us-east-1:934250576834:volume/vol-05008548d021ace3b",
            "availability_zone": "us-east-1a",
            "create_time": "2025-11-29T07:45:48Z",
            "encrypted": false,
            "final_snapshot": false,
            "id": "vol-05008548d021ace3b",
            "iops": 3000,
            "kms_key_id": "",
            "multi_attach_enabled": false,
            "outpost_arn": "",
            "size": 100,
            "snapshot_id": "",
            "tags": {
              "Index": "16",
              "Name": "kvs-data-16",
              "Role": "kvs-data"
            },
            "tags_all": {
              "Index": "16",
              "Name": "kvs-data-16",
              "Role": "kvs-data"
            },
            "throughput": 125,
            "timeouts": null,
            "type": "gp3"
          },
          "sensitive_attributes": [],
          "private": "eyJlMmJmYjczMC1lY2FhLTExZTYtOGY4OC0zNDM2M2JjN2M0YzAiOnsiY3JlYXRlIjozMDAwMDAwMDAwMDAsImRlbGV0ZSI6NjAwMDAwMDAwMDAwLCJ1cGRhdGUiOjMwMDAwMDAwMDAwMH19"
        },
        {
          "index_key": 17,
          "schema_version": 0,
          "attributes": {
            "arn": "arn:aws:ec2:us-east-1:934250576834:volume/vol-09cbf1c4359c83473",
            "availability_zone": "us-east-1a",
            "create_time": "2025-11-29T07:45:48Z",
            "encrypted": false,
            "final_snapshot": false,
            "id": "vol-09cbf1c4359c83473",
            "iops": 3000,
            "kms_key_id": "",
            "multi_attach_enabled": false,
            "outpost_arn": "",
            "size": 100,
            "snapshot_id": "",
            "tags": {
              "Index": "17",
              "Name": "kvs-data-17",
              "Role": "kvs-data"
            },
            "tags_all": {
              "Index": "17",
              "Name": "kvs-data-17",
              "Role": "kvs-data"
            },
            "throughput": 125,
            "timeouts": null,
            "type": "gp3"
          },
          "sensitive_attributes": [],
          "private": "eyJlMmJmYjczMC1lY2FhLTExZTYtOGY4OC0zNDM2M2JjN2M0YzAiOnsiY3JlYXRlIjozMDAwMDAwMDAwMDAsImRlbGV0ZSI6NjAwMDAwMDAwMDAwLCJ1cGRhdGUiOjMwMDAwMDAwMDAwMH19"
        },
        {
          "index_key": 18,
          "schema_version": 0,
          "attributes": {
            "arn": "arn:aws:ec2:us-east-1:934250576834:volume/vol-09ac971f00c3720b9",
            "availability_zone": "us-east-1a",
            "create_time": "2025-11-29T07:45:37Z",
            "encrypted": false,
            "final_snapshot": false,
            "id": "vol-09ac971f00c3720b9",
            "iops": 3000,
            "kms_key_id": "",
            "multi_attach_enabled": false,
            "outpost_arn": "",
            "size": 100,
            "snapshot_id": "",
            "tags": {
              "Index": "18",
              "Name": "kvs-data-18",
              "Role": "kvs-data"
            },
            "tags_all": {
              "Index": "18",
              "Name": "kvs-data-18",
              "Role": "kvs-data"
            },
            "throughput": 125,
            "timeouts": null,
            "type": "gp3"
          },
          "sensitive_attributes": [],
          "private": "eyJlMmJmYjczMC1lY2FhLTExZTYtOGY4OC0zNDM2M2JjN2M0YzAiOnsiY3JlYXRlIjozMDAwMDAwMDAwMDAsImRlbGV0ZSI6NjAwMDAwMDAwMDAwLCJ1cGRhdGUiOjMwMDAwMDAwMDAwMH19"
        },
        {
          "index_key": 19,
          "schema_version": 0,
          "attributes": {
            "arn": "arn:aws:ec2:us-east-1:934250576834:volume/vol-04a072465b0133a05",
            "availability_zone": "us-east-1a",
            "create_time": "2025-11-29T07:45:48Z",
            "encrypted": false,
            "final_snapshot": false,
            "id": "vol-04a072465b0133a05",
            "iops": 3000,
            "kms_key_id": "",
            "multi_attach_enabled": false,
            "outpost_arn": "",
            "size": 100,
            "snapshot_id": "",
            "tags": {
              "Index": "19",
              "Name": "kvs-data-19",
              "Role": "kvs-data"
            },
            "tags_all": {
              "Index": "19",
              "Name": "kvs-data-19",
              "Role": "kvs-data"
            },
            "throughput": 125,
            "timeouts": null,
            "type": "gp3"
          },
          "sensitive_attributes": [],
          "private": "eyJlMmJmYjczMC1lY2FhLTExZTYtOGY4OC0zNDM2M2JjN2M0YzAiOnsiY3JlYXRlIjozMDAwMDAwMDAwMDAsImRlbGV0ZSI6NjAwMDAwMDAwMDAwLCJ1cGRhdGUiOjMwMDAwMDAwMDAwMH19"
        }
      ]
    }
  ],
  "check_results": null
}
