{
  "version": 4,
  "terraform_version": "1.5.7",
  "serial": 1062,
  "lineage": "f68ed3ae-10f0-0acc-9d8d-c377eb50920a",
  "outputs": {
    "deployment_summary": {
      "value": {
        "architecture": "10 i3.medium instances: all run KVS workers, first 6 also run Flame workers",
        "coordinator_type": "t3.small",
        "flame_port": 9001,
        "flame_port_range": "9001-9006 (first 6 workers only)",
        "flame_worker_count": 6,
        "kvs_port": 8001,
        "kvs_worker_count": 10,
        "storage_per_worker_gb": 100,
        "storage_type": "gp3 (default performance)",
        "worker_count": 10,
        "worker_instance_type": "i3.medium"
      },
      "type": [
        "object",
        {
          "architecture": "string",
          "coordinator_type": "string",
          "flame_port": "number",
          "flame_port_range": "string",
          "flame_worker_count": "number",
          "kvs_port": "number",
          "kvs_worker_count": "number",
          "storage_per_worker_gb": "number",
          "storage_type": "string",
          "worker_count": "number",
          "worker_instance_type": "string"
        }
      ]
    },
    "flame_coordinator_private_ip": {
      "value": "172.31.1.197",
      "type": "string"
    },
    "flame_coordinator_public_dns": {
      "value": "ec2-44-214-92-139.compute-1.amazonaws.com",
      "type": "string"
    },
    "flame_coordinator_public_ip": {
      "value": "44.214.92.139",
      "type": "string"
    },
    "kvs_coordinator_id": {
      "value": "i-0460b65fe3a094209",
      "type": "string"
    },
    "kvs_coordinator_private_ip": {
      "value": "172.31.11.51",
      "type": "string"
    },
    "kvs_coordinator_public_dns": {
      "value": "ec2-44-195-89-242.compute-1.amazonaws.com",
      "type": "string"
    },
    "kvs_coordinator_public_ip": {
      "value": "44.195.89.242",
      "type": "string"
    },
    "storage_configuration": {
      "value": {
        "iops": "3000 (default)",
        "note": "Using default GP3 performance. Configured in kvs-data-terraform/main.tf",
        "throughput_mbps": "125 (default)",
        "volume_size_gb": 100,
        "volume_type": "gp3"
      },
      "type": [
        "object",
        {
          "iops": "string",
          "note": "string",
          "throughput_mbps": "string",
          "volume_size_gb": "number",
          "volume_type": "string"
        }
      ]
    },
    "worker_count": {
      "value": 10,
      "type": "number"
    },
    "worker_instance_types": {
      "value": "i3.medium",
      "type": "string"
    }
  },
  "resources": [
    {
      "mode": "data",
      "type": "aws_subnets",
      "name": "worker_subnets",
      "provider": "provider[\"registry.terraform.io/hashicorp/aws\"]",
      "instances": [
        {
          "schema_version": 0,
          "attributes": {
            "filter": [
              {
                "name": "availability-zone",
                "values": [
                  "us-east-1a"
                ]
              },
              {
                "name": "vpc-id",
                "values": [
                  "vpc-0fbf475dd02b1d606"
                ]
              }
            ],
            "id": "us-east-1",
            "ids": [
              "subnet-0500da9ac25ae5ea9"
            ],
            "tags": null,
            "timeouts": null
          },
          "sensitive_attributes": []
        }
      ]
    },
    {
      "mode": "data",
      "type": "aws_vpc",
      "name": "default",
      "provider": "provider[\"registry.terraform.io/hashicorp/aws\"]",
      "instances": [
        {
          "schema_version": 0,
          "attributes": {
            "arn": "arn:aws:ec2:us-east-1:934250576834:vpc/vpc-0fbf475dd02b1d606",
            "cidr_block": "172.31.0.0/16",
            "cidr_block_associations": [
              {
                "association_id": "vpc-cidr-assoc-0ab5d48a03d412dc8",
                "cidr_block": "172.31.0.0/16",
                "state": "associated"
              }
            ],
            "default": true,
            "dhcp_options_id": "dopt-08845f7b4a8836c98",
            "enable_dns_hostnames": true,
            "enable_dns_support": true,
            "enable_network_address_usage_metrics": false,
            "filter": null,
            "id": "vpc-0fbf475dd02b1d606",
            "instance_tenancy": "default",
            "ipv6_association_id": "",
            "ipv6_cidr_block": "",
            "main_route_table_id": "rtb-0eb165cf03d5a4624",
            "owner_id": "934250576834",
            "state": null,
            "tags": {},
            "timeouts": null
          },
          "sensitive_attributes": []
        }
      ]
    },
    {
      "mode": "data",
      "type": "terraform_remote_state",
      "name": "kvs_data",
      "provider": "provider[\"terraform.io/builtin/terraform\"]",
      "instances": [
        {
          "schema_version": 0,
          "attributes": {
            "backend": "local",
            "config": {
              "value": {
                "path": "./../kvs-data-terraform/terraform.tfstate"
              },
              "type": [
                "object",
                {
                  "path": "string"
                }
              ]
            },
            "defaults": null,
            "outputs": {
              "value": {
                "kvs_data_volume_ids": [
                  "vol-0f2fead431a588879",
                  "vol-0c0808798a2eb46e9",
                  "vol-0e48c161a29997a5f",
                  "vol-0b826dd2a5c508a41",
                  "vol-093c5a5a7761b8673",
                  "vol-05cc1bb3a5e5ecfa0",
                  "vol-0c3e1d43fe5eba302",
                  "vol-0eb73ea1ef498c8b9",
                  "vol-0cf882402f0f2d025",
                  "vol-0dc147bf50449b614",
                  "vol-07ae35d45dcbcd1ef",
                  "vol-07da8d269d88e7109",
                  "vol-0b20ea3da2f1e1892",
                  "vol-04442937bbe9c55cb",
                  "vol-00ebc1a0e3c349ab8",
                  "vol-0472508a70471565d",
                  "vol-05008548d021ace3b",
                  "vol-09cbf1c4359c83473",
                  "vol-09ac971f00c3720b9",
                  "vol-04a072465b0133a05"
                ]
              },
              "type": [
                "object",
                {
                  "kvs_data_volume_ids": [
                    "tuple",
                    [
                      "string",
                      "string",
                      "string",
                      "string",
                      "string",
                      "string",
                      "string",
                      "string",
                      "string",
                      "string",
                      "string",
                      "string",
                      "string",
                      "string",
                      "string",
                      "string",
                      "string",
                      "string",
                      "string",
                      "string"
                    ]
                  ]
                }
              ]
            },
            "workspace": null
          },
          "sensitive_attributes": []
        }
      ]
    },
    {
      "mode": "managed",
      "type": "aws_instance",
      "name": "flame_coordinator",
      "provider": "provider[\"registry.terraform.io/hashicorp/aws\"]",
      "instances": [
        {
          "schema_version": 1,
          "attributes": {
            "ami": "ami-0cae6d6fe6048ca2c",
            "arn": "arn:aws:ec2:us-east-1:934250576834:instance/i-0154c49d91ba3cdc1",
            "associate_public_ip_address": true,
            "availability_zone": "us-east-1a",
            "capacity_reservation_specification": [
              {
                "capacity_reservation_preference": "open",
                "capacity_reservation_target": []
              }
            ],
            "cpu_core_count": 1,
            "cpu_options": [
              {
                "amd_sev_snp": "",
                "core_count": 1,
                "threads_per_core": 2
              }
            ],
            "cpu_threads_per_core": 2,
            "credit_specification": [
              {
                "cpu_credits": "unlimited"
              }
            ],
            "disable_api_stop": false,
            "disable_api_termination": false,
            "ebs_block_device": [],
            "ebs_optimized": false,
            "enable_primary_ipv6": null,
            "enclave_options": [
              {
                "enabled": false
              }
            ],
            "ephemeral_block_device": [],
            "get_password_data": false,
            "hibernation": false,
            "host_id": "",
            "host_resource_group_arn": null,
            "iam_instance_profile": "",
            "id": "i-0154c49d91ba3cdc1",
            "instance_initiated_shutdown_behavior": "stop",
            "instance_lifecycle": "",
            "instance_market_options": [],
            "instance_state": "running",
            "instance_type": "t3.small",
            "ipv6_address_count": 0,
            "ipv6_addresses": [],
            "key_name": "amanMBP",
            "launch_template": [],
            "maintenance_options": [
              {
                "auto_recovery": "default"
              }
            ],
            "metadata_options": [
              {
                "http_endpoint": "enabled",
                "http_protocol_ipv6": "disabled",
                "http_put_response_hop_limit": 2,
                "http_tokens": "required",
                "instance_metadata_tags": "disabled"
              }
            ],
            "monitoring": false,
            "network_interface": [],
            "outpost_arn": "",
            "password_data": "",
            "placement_group": "",
            "placement_partition_number": 0,
            "primary_network_interface_id": "eni-026786020ad123024",
            "private_dns": "ip-172-31-1-197.ec2.internal",
            "private_dns_name_options": [
              {
                "enable_resource_name_dns_a_record": false,
                "enable_resource_name_dns_aaaa_record": false,
                "hostname_type": "ip-name"
              }
            ],
            "private_ip": "172.31.1.197",
            "public_dns": "ec2-44-214-92-139.compute-1.amazonaws.com",
            "public_ip": "44.214.92.139",
            "root_block_device": [
              {
                "delete_on_termination": true,
                "device_name": "/dev/xvda",
                "encrypted": false,
                "iops": 3000,
                "kms_key_id": "",
                "tags": {},
                "tags_all": {},
                "throughput": 125,
                "volume_id": "vol-0a57b31cce4af5c71",
                "volume_size": 8,
                "volume_type": "gp3"
              }
            ],
            "secondary_private_ips": [],
            "security_groups": [
              "hashira-ssh"
            ],
            "source_dest_check": true,
            "spot_instance_request_id": "",
            "subnet_id": "subnet-0500da9ac25ae5ea9",
            "tags": {
              "Name": "hashira-flame-coordinator"
            },
            "tags_all": {
              "Name": "hashira-flame-coordinator"
            },
            "tenancy": "default",
            "timeouts": null,
            "user_data": "f0888b6fbdc59b0b3fa3fa039787e86ffaa1a157",
            "user_data_base64": null,
            "user_data_replace_on_change": false,
            "volume_tags": null,
            "vpc_security_group_ids": [
              "sg-0da05180fa31518e9"
            ]
          },
          "sensitive_attributes": [],
          "private": "eyJlMmJmYjczMC1lY2FhLTExZTYtOGY4OC0zNDM2M2JjN2M0YzAiOnsiY3JlYXRlIjo2MDAwMDAwMDAwMDAsImRlbGV0ZSI6MTIwMDAwMDAwMDAwMCwicmVhZCI6OTAwMDAwMDAwMDAwLCJ1cGRhdGUiOjYwMDAwMDAwMDAwMH0sInNjaGVtYV92ZXJzaW9uIjoiMSJ9",
          "dependencies": [
            "aws_instance.kvs_coordinator",
            "aws_security_group.ssh",
            "data.aws_subnets.worker_subnets",
            "data.aws_vpc.default"
          ]
        }
      ]
    },
    {
      "mode": "managed",
      "type": "aws_instance",
      "name": "kvs_coordinator",
      "provider": "provider[\"registry.terraform.io/hashicorp/aws\"]",
      "instances": [
        {
          "schema_version": 1,
          "attributes": {
            "ami": "ami-0cae6d6fe6048ca2c",
            "arn": "arn:aws:ec2:us-east-1:934250576834:instance/i-0460b65fe3a094209",
            "associate_public_ip_address": true,
            "availability_zone": "us-east-1a",
            "capacity_reservation_specification": [
              {
                "capacity_reservation_preference": "open",
                "capacity_reservation_target": []
              }
            ],
            "cpu_core_count": 1,
            "cpu_options": [
              {
                "amd_sev_snp": "",
                "core_count": 1,
                "threads_per_core": 2
              }
            ],
            "cpu_threads_per_core": 2,
            "credit_specification": [
              {
                "cpu_credits": "unlimited"
              }
            ],
            "disable_api_stop": false,
            "disable_api_termination": false,
            "ebs_block_device": [],
            "ebs_optimized": false,
            "enable_primary_ipv6": null,
            "enclave_options": [
              {
                "enabled": false
              }
            ],
            "ephemeral_block_device": [],
            "get_password_data": false,
            "hibernation": false,
            "host_id": "",
            "host_resource_group_arn": null,
            "iam_instance_profile": "",
            "id": "i-0460b65fe3a094209",
            "instance_initiated_shutdown_behavior": "stop",
            "instance_lifecycle": "",
            "instance_market_options": [],
            "instance_state": "running",
            "instance_type": "t3.small",
            "ipv6_address_count": 0,
            "ipv6_addresses": [],
            "key_name": "amanMBP",
            "launch_template": [],
            "maintenance_options": [
              {
                "auto_recovery": "default"
              }
            ],
            "metadata_options": [
              {
                "http_endpoint": "enabled",
                "http_protocol_ipv6": "disabled",
                "http_put_response_hop_limit": 2,
                "http_tokens": "required",
                "instance_metadata_tags": "disabled"
              }
            ],
            "monitoring": false,
            "network_interface": [],
            "outpost_arn": "",
            "password_data": "",
            "placement_group": "",
            "placement_partition_number": 0,
            "primary_network_interface_id": "eni-0db3d851849f9e879",
            "private_dns": "ip-172-31-11-51.ec2.internal",
            "private_dns_name_options": [
              {
                "enable_resource_name_dns_a_record": false,
                "enable_resource_name_dns_aaaa_record": false,
                "hostname_type": "ip-name"
              }
            ],
            "private_ip": "172.31.11.51",
            "public_dns": "ec2-44-195-89-242.compute-1.amazonaws.com",
            "public_ip": "44.195.89.242",
            "root_block_device": [
              {
                "delete_on_termination": true,
                "device_name": "/dev/xvda",
                "encrypted": false,
                "iops": 3000,
                "kms_key_id": "",
                "tags": {},
                "tags_all": {},
                "throughput": 125,
                "volume_id": "vol-0250292239d68ecbc",
                "volume_size": 8,
                "volume_type": "gp3"
              }
            ],
            "secondary_private_ips": [],
            "security_groups": [
              "hashira-ssh"
            ],
            "source_dest_check": true,
            "spot_instance_request_id": "",
            "subnet_id": "subnet-0500da9ac25ae5ea9",
            "tags": {
              "Name": "hashira-kvs-coordinator"
            },
            "tags_all": {
              "Name": "hashira-kvs-coordinator"
            },
            "tenancy": "default",
            "timeouts": null,
            "user_data": "fc2cddb1d0185a04651a2e39731e8207b5954b34",
            "user_data_base64": null,
            "user_data_replace_on_change": false,
            "volume_tags": null,
            "vpc_security_group_ids": [
              "sg-0da05180fa31518e9"
            ]
          },
          "sensitive_attributes": [],
          "private": "eyJlMmJmYjczMC1lY2FhLTExZTYtOGY4OC0zNDM2M2JjN2M0YzAiOnsiY3JlYXRlIjo2MDAwMDAwMDAwMDAsImRlbGV0ZSI6MTIwMDAwMDAwMDAwMCwicmVhZCI6OTAwMDAwMDAwMDAwLCJ1cGRhdGUiOjYwMDAwMDAwMDAwMH0sInNjaGVtYV92ZXJzaW9uIjoiMSJ9",
          "dependencies": [
            "aws_security_group.ssh",
            "data.aws_subnets.worker_subnets",
            "data.aws_vpc.default"
          ]
        }
      ]
    },
    {
      "mode": "managed",
      "type": "aws_security_group",
      "name": "ssh",
      "provider": "provider[\"registry.terraform.io/hashicorp/aws\"]",
      "instances": [
        {
          "schema_version": 1,
          "attributes": {
            "arn": "arn:aws:ec2:us-east-1:934250576834:security-group/sg-0da05180fa31518e9",
            "description": "Allow SSH from your IP and all traffic between instances in this SG",
            "egress": [
              {
                "cidr_blocks": [
                  "0.0.0.0/0"
                ],
                "description": "",
                "from_port": 0,
                "ipv6_cidr_blocks": [],
                "prefix_list_ids": [],
                "protocol": "-1",
                "security_groups": [],
                "self": false,
                "to_port": 0
              }
            ],
            "id": "sg-0da05180fa31518e9",
            "ingress": [
              {
                "cidr_blocks": [
                  "0.0.0.0/0"
                ],
                "description": "Allow TCP 800 from anywhere",
                "from_port": 8000,
                "ipv6_cidr_blocks": [],
                "prefix_list_ids": [],
                "protocol": "tcp",
                "security_groups": [],
                "self": false,
                "to_port": 10000
              },
              {
                "cidr_blocks": [
                  "0.0.0.0/0"
                ],
                "description": "SSH from configured CIDR",
                "from_port": 22,
                "ipv6_cidr_blocks": [],
                "prefix_list_ids": [],
                "protocol": "tcp",
                "security_groups": [],
                "self": false,
                "to_port": 22
              },
              {
                "cidr_blocks": [],
                "description": "All traffic within this security group",
                "from_port": 0,
                "ipv6_cidr_blocks": [],
                "prefix_list_ids": [],
                "protocol": "-1",
                "security_groups": [],
                "self": true,
                "to_port": 0
              }
            ],
            "name": "hashira-ssh",
            "name_prefix": "",
            "owner_id": "934250576834",
            "revoke_rules_on_delete": false,
            "tags": null,
            "tags_all": {},
            "timeouts": null,
            "vpc_id": "vpc-0fbf475dd02b1d606"
          },
          "sensitive_attributes": [],
          "private": "eyJlMmJmYjczMC1lY2FhLTExZTYtOGY4OC0zNDM2M2JjN2M0YzAiOnsiY3JlYXRlIjo2MDAwMDAwMDAwMDAsImRlbGV0ZSI6OTAwMDAwMDAwMDAwfSwic2NoZW1hX3ZlcnNpb24iOiIxIn0=",
          "dependencies": [
            "data.aws_vpc.default"
          ]
        }
      ]
    },
    {
      "mode": "managed",
      "type": "aws_volume_attachment",
      "name": "kvs_data_attach",
      "provider": "provider[\"registry.terraform.io/hashicorp/aws\"]",
      "instances": []
    }
  ],
  "check_results": null
}
